
Microsoft Visual Studio Solution File, Format Version 12.00
# Visual Studio Version 17
VisualStudioVersion = 17.7.34024.191
MinimumVisualStudioVersion = 10.0.40219.1
Project("{FAE04EC0-301F-11D3-BF4B-00C04F79EFBC}") = "winform1", "winform1\winform1.csproj", "{1937CF56-9008-4857-B594-FBC316E82BD6}"
EndProject
Global
	GlobalSection(SolutionConfigurationPlatforms) = preSolution
		Debug|Any CPU = Debug|Any CPU
		Release|Any CPU = Release|Any CPU
	EndGlobalSection
	GlobalSection(ProjectConfigurationPlatforms) = postSolution
		{1937CF56-9008-4857-B594-FBC316E82BD6}.Debug|Any CPU.ActiveCfg = Debug|Any CPU
		{1937CF56-9008-4857-B594-FBC316E82BD6}.Debug|Any CPU.Build.0 = Debug|Any CPU
		{1937CF56-9008-4857-B594-FBC316E82BD6}.Release|Any CPU.ActiveCfg = Release|Any CPU
		{1937CF56-9008-4857-B594-FBC316E82BD6}.Release|Any CPU.Build.0 = Release|Any CPU
	EndGlobalSection
	GlobalSection(SolutionProperties) = preSolution
		HideSolutionNode = FALSE
	EndGlobalSection
	GlobalSection(ExtensibilityGlobals) = postSolution
		SolutionGuid = {6C0258C4-434A-4542-A946-B4D069D53214}
	EndGlobalSection
EndGlobal
